{
  "name": "hoshino.nb2",
  "lockfileVersion": 3,
  "requires": true,
  "packages": {
    "": {
      "dependencies": {
        "@playwright/mcp": "^0.0.75"
      }
    },
    "node_modules/@playwright/mcp": {
      "version": "0.0.75",
      "resolved": "https://registry.npmmirror.com/@playwright/mcp/-/mcp-0.0.75.tgz",
      "integrity": "sha512-oBjzVXfEGZ9Ev45tKKQULNDVdF83B82lg0uPejEK3xsp/zWmdNdNVnPi032fmd/o20ZZXs+LX7cr77qRNbV4VA==",
      "license": "Apache-2.0",
      "dependencies": {
        "playwright": "1.61.0-alpha-1778188671000",
        "playwright-core": "1.61.0-alpha-1778188671000"
      },
      "bin": {
        "playwright-mcp": "cli.js"
      },
      "engines": {
        "node": ">=18"
      }
    },
    "node_modules/fsevents": {
      "version": "2.3.2",
      "resolved": "https://registry.npmmirror.com/fsevents/-/fsevents-2.3.2.tgz",
      "integrity": "sha512-xiqMQR4xAeHTuB9uWm+fFRcIOgKBMiOBP+eXiyT7jsgVCq1bkVygt00oASowB7EdtpOHaaPgKt812P9ab+DDKA==",
      "hasInstallScript": true,
      "license": "MIT",
      "optional": true,
      "os": [
        "darwin"
      ],
      "engines": {
        "node": "^8.16.0 || ^10.6.0 || >=11.0.0"
      }
    },
    "node_modules/playwright": {
      "version": "1.61.0-alpha-1778188671000",
      "resolved": "https://registry.npmmirror.com/playwright/-/playwright-1.61.0-alpha-1778188671000.tgz",
      "integrity": "sha512-A6fFc7ExLRmvm0ZHqCyY2uHXSvEdpb8W+/HyIPK4ecRqNil8Mc1Vig1WFYoqk82x3+U9Qb571fQE95wgKqIQ1g==",
      "license": "Apache-2.0",
      "dependencies": {
        "playwright-core": "1.61.0-alpha-1778188671000"
      },
      "bin": {
        "playwright": "cli.js"
      },
      "engines": {
        "node": ">=18"
      },
      "optionalDependencies": {
        "fsevents": "2.3.2"
      }
    },
    "node_modules/playwright-core": {
      "version": "1.61.0-alpha-1778188671000",
      "resolved": "https://registry.npmmirror.com/playwright-core/-/playwright-core-1.61.0-alpha-1778188671000.tgz",
      "integrity": "sha512-nsw2Crz0uZS3IRHiEcOXUt+RaKB/Hna+GAD4oD6cPqCHfJfW77cJdgktC0jzp3Ndyv23EJI3bcWSqFIiqSNE5A==",
      "license": "Apache-2.0",
      "bin": {
        "playwright-core": "cli.js"
      },
      "engines": {
        "node": ">=18"
      }
    }
  }
}
